// This lockfile was autogenerated by Pants. To regenerate, run:
//
//    ./pants generate-lockfiles --resolve=python-default
//
// --- BEGIN PANTS LOCKFILE METADATA: DO NOT EDIT OR REMOVE ---
// {
//   "version": 3,
//   "valid_for_interpreter_constraints": [
//     "CPython<4,>=3.7"
//   ],
//   "generated_with_requirements": [
//     "fire",
//     "pandas"
//   ],
//   "manylinux": "manylinux2014",
//   "requirement_constraints": [],
//   "only_binary": [],
//   "no_binary": []
// }
// --- END PANTS LOCKFILE METADATA ---

{
  "allow_builds": true,
  "allow_prereleases": false,
  "allow_wheels": true,
  "build_isolation": true,
  "constraints": [],
  "locked_resolves": [
    {
      "locked_requirements": [
        {
          "artifacts": [
            {
              "algorithm": "sha256",
              "hash": "a6b0d49e98c8963910021f92bba66f65ab440da2982b78eb1bbf95a0a34aacc6",
              "url": "https://files.pythonhosted.org/packages/94/ed/3b9a10605163f48517931083aee8364d4d6d3bb1aa9b75eb0a4a5e9fbfc1/fire-0.5.0.tar.gz"
            }
          ],
          "project_name": "fire",
          "requires_dists": [
            "enum34; python_version < \"3.4\"",
            "six",
            "termcolor"
          ],
          "requires_python": null,
          "version": "0.5"
        },
        {
          "artifacts": [
            {
              "algorithm": "sha256",
              "hash": "2d4d1de6e6fb3d28781c73fbde702ac97f03d79e4ffd6598b880b2d95d62ead4",
              "url": "https://files.pythonhosted.org/packages/d3/6d/f53d9806d307e5d3ef0bb594d9f2236d61cb0f3c7b17edb4f0af69f0585f/numpy-1.21.1-pp37-pypy37_pp73-manylinux_2_12_x86_64.manylinux2010_x86_64.whl"
            },
            {
              "algorithm": "sha256",
              "hash": "dff4af63638afcc57a3dfb9e4b26d434a7a602d225b42d746ea7fe2edf1342fd",
              "url": "https://files.pythonhosted.org/packages/0b/a7/e724c8df240687b5fd62d8c71f1a6709d455c4c09432c7412e3e64f4cbe5/numpy-1.21.1.zip"
            },
            {
              "algorithm": "sha256",
              "hash": "95b995d0c413f5d0428b3f880e8fe1660ff9396dcd1f9eedbc311f37b5652e16",
              "url": "https://files.pythonhosted.org/packages/16/c9/71124564deb3fd4c7572d7aa830482e8901eb84938f3629185abff60d911/numpy-1.21.1-cp38-cp38-macosx_10_9_universal2.whl"
            },
            {
              "algorithm": "sha256",
              "hash": "635e6bd31c9fb3d475c8f44a089569070d10a9ef18ed13738b03049280281267",
              "url": "https://files.pythonhosted.org/packages/1e/f4/a7bcb5942458656882195d71df967bc74c01452cb445c10c23c40ca6a8ef/numpy-1.21.1-cp38-cp38-macosx_10_9_x86_64.whl"
            },
            {
              "algorithm": "sha256",
              "hash": "05a0f648eb28bae4bcb204e6fd14603de2908de982e761a2fc78efe0f19e96e1",
              "url": "https://files.pythonhosted.org/packages/2b/15/7c686607db98f151dc2dadcdc4dd9ed39950e8f29d712d3e42b44d1202e5/numpy-1.21.1-cp39-cp39-manylinux_2_12_x86_64.manylinux2010_x86_64.whl"
            },
            {
              "algorithm": "sha256",
              "hash": "25b40b98ebdd272bc3020935427a4530b7d60dfbe1ab9381a39147834e985eac",
              "url": "https://files.pythonhosted.org/packages/31/88/e67fb244cf5998c1e8fa5eda670ae8265ae0beed0346d5a424cb612fee24/numpy-1.21.1-cp39-cp39-macosx_11_0_arm64.whl"
            },
            {
              "algorithm": "sha256",
              "hash": "9a513bd9c1551894ee3d31369f9b07460ef223694098cf27d399513415855b68",
              "url": "https://files.pythonhosted.org/packages/3b/11/445c95be2f846be94d2425f8f1f4c9ad2bcbbb9ad425c8a9f7394f325bdb/numpy-1.21.1-cp38-cp38-manylinux_2_5_i686.manylinux1_i686.whl"
            },
            {
              "algorithm": "sha256",
              "hash": "38e8648f9449a549a7dfe8d8755a5979b45b3538520d1e735637ef28e8c2dc50",
              "url": "https://files.pythonhosted.org/packages/49/d2/057683bbe4f8cccbd74f9b98dee5b1c5b94c06c115790d4bb50ec31aab77/numpy-1.21.1-cp37-cp37m-macosx_10_9_x86_64.whl"
            },
            {
              "algorithm": "sha256",
              "hash": "e46ceaff65609b5399163de5893d8f2a82d3c77d5e56d976c8b5fb01faa6b671",
              "url": "https://files.pythonhosted.org/packages/50/9a/54c6c2da63830939bef8be068aece1ac04859fc51428710ad5cd148566fc/numpy-1.21.1-cp37-cp37m-manylinux_2_5_i686.manylinux1_i686.whl"
            },
            {
              "algorithm": "sha256",
              "hash": "d9e7912a56108aba9b31df688a4c4f5cb0d9d3787386b87d504762b6754fbb1b",
              "url": "https://files.pythonhosted.org/packages/60/5b/97dcc2561db2b78201e61fe9e08c39f7ec9edbe412aa70f2fcf65c2813a8/numpy-1.21.1-cp39-cp39-macosx_10_9_x86_64.whl"
            },
            {
              "algorithm": "sha256",
              "hash": "8a92c5aea763d14ba9d6475803fc7904bda7decc2a0a68153f587ad82941fec1",
              "url": "https://files.pythonhosted.org/packages/65/4c/194a2f8b8c94f4d401a31a5a0516906829e7ead6f05b0647076680c3f36d/numpy-1.21.1-cp39-cp39-manylinux_2_12_i686.manylinux2010_i686.whl"
            },
            {
              "algorithm": "sha256",
              "hash": "fd7d7409fa643a91d0a05c7554dd68aa9c9bb16e186f6ccfe40d6e003156e33a",
              "url": "https://files.pythonhosted.org/packages/73/3e/e8b555c1230c63ef2e0dbf42fbcb4c2d1444bd5ec8e7eebcff904b922df4/numpy-1.21.1-cp37-cp37m-manylinux_2_12_i686.manylinux2010_i686.whl"
            },
            {
              "algorithm": "sha256",
              "hash": "1412aa0aec3e00bc23fbb8664d76552b4efde98fb71f60737c83efbac24112f1",
              "url": "https://files.pythonhosted.org/packages/87/18/608e04350d78bb3201a8ac2777b9a77e024218ec2a7f64db9b7130c714fc/numpy-1.21.1-cp37-cp37m-manylinux_2_17_aarch64.manylinux2014_aarch64.whl"
            },
            {
              "algorithm": "sha256",
              "hash": "0318c465786c1f63ac05d7c4dbcecd4d2d7e13f0959b01b534ea1e92202235c5",
              "url": "https://files.pythonhosted.org/packages/95/7a/da016166264ccc417f58ba097c3cfa995b77e87d2d3c5424c9e5dfffa68d/numpy-1.21.1-cp38-cp38-manylinux_2_17_aarch64.manylinux2014_aarch64.whl"
            },
            {
              "algorithm": "sha256",
              "hash": "d7a4aeac3b94af92a9373d6e77b37691b86411f9745190d2c351f410ab3a791f",
              "url": "https://files.pythonhosted.org/packages/99/60/7b97b75a121745508a2fd92b5127dc0fe080d026d43b0fcf2863ea50c074/numpy-1.21.1-cp39-cp39-macosx_10_9_universal2.whl"
            },
            {
              "algorithm": "sha256",
              "hash": "91c6f5fc58df1e0a3cc0c3a717bb3308ff850abdaa6d2d802573ee2b11f674a8",
              "url": "https://files.pythonhosted.org/packages/9a/ee/07eb4eb76620d95af51f16481dca8b9d1e1d9edae8cf60d5143aad270764/numpy-1.21.1-cp38-cp38-manylinux_2_5_x86_64.manylinux1_x86_64.whl"
            },
            {
              "algorithm": "sha256",
              "hash": "791492091744b0fe390a6ce85cc1bf5149968ac7d5f0477288f78c89b385d9af",
              "url": "https://files.pythonhosted.org/packages/a0/3a/ffacce6c7d7d980a4aebb51cacf91e1443d4317aa29630c7d3054fb64e2e/numpy-1.21.1-cp38-cp38-manylinux_2_12_x86_64.manylinux2010_x86_64.whl"
            },
            {
              "algorithm": "sha256",
              "hash": "c6a2324085dd52f96498419ba95b5777e40b6bcbc20088fddb9e8cbb58885e8e",
              "url": "https://files.pythonhosted.org/packages/b8/46/3f1a1a1f5fa3c0325a407a98396b8ac90e4eaa058420668b4b640729c784/numpy-1.21.1-cp37-cp37m-manylinux_2_5_x86_64.manylinux1_x86_64.whl"
            },
            {
              "algorithm": "sha256",
              "hash": "8a326af80e86d0e9ce92bcc1e65c8ff88297de4fa14ee936cb2293d414c9ec63",
              "url": "https://files.pythonhosted.org/packages/b8/98/1deff46537aa544bd6ffafb4405d0f57fe49308147444e27ab2fc3ca82ba/numpy-1.21.1-cp38-cp38-manylinux_2_12_i686.manylinux2010_i686.whl"
            },
            {
              "algorithm": "sha256",
              "hash": "f01f28075a92eede918b965e86e8f0ba7b7797a95aa8d35e1cc8821f5fc3ad6a",
              "url": "https://files.pythonhosted.org/packages/ce/73/465ec13dd21a4d66f96e7b8aca027ca965d639654268dba03c1e37f15d03/numpy-1.21.1-cp39-cp39-manylinux_2_17_aarch64.manylinux2014_aarch64.whl"
            },
            {
              "algorithm": "sha256",
              "hash": "4a3d5fb89bfe21be2ef47c0614b9c9c707b7362386c9a3ff1feae63e0267ccb6",
              "url": "https://files.pythonhosted.org/packages/de/4b/5b243d909933c387bb5253a91706a7aa49b0550147e0b144b0f8a842e0f0/numpy-1.21.1-cp38-cp38-macosx_11_0_arm64.whl"
            },
            {
              "algorithm": "sha256",
              "hash": "a75b4498b1e93d8b700282dc8e655b8bd559c0904b3910b144646dbbbc03e062",
              "url": "https://files.pythonhosted.org/packages/f9/d5/18336e9828d2f07beb0bcd3849c660001bedea50e6219627315968900ad6/numpy-1.21.1-cp37-cp37m-manylinux_2_12_x86_64.manylinux2010_x86_64.whl"
            }
          ],
          "project_name": "numpy",
          "requires_dists": [],
          "requires_python": ">=3.7",
          "version": "1.21.1"
        },
        {
          "artifacts": [
            {
              "algorithm": "sha256",
              "hash": "2b1c6cd28a0dfda75c7b5957363333f01d370936e4c6276b7b8e696dd500582a",
              "url": "https://files.pythonhosted.org/packages/d0/e1/64f9c1fccd5eebdf177e917e5499b6da266c409b6eba75b93a8cd3b8ccee/pandas-1.1.5-cp39-cp39-manylinux1_x86_64.whl"
            },
            {
              "algorithm": "sha256",
              "hash": "c16d59c15d946111d2716856dd5479221c9e4f2f5c7bc2d617f39d870031e086",
              "url": "https://files.pythonhosted.org/packages/12/ce/5da11d852dc0bacce86ec8abe802a6a55bfe20823845b4dc609b0280cf90/pandas-1.1.5-cp37-cp37m-manylinux1_i686.whl"
            },
            {
              "algorithm": "sha256",
              "hash": "c61c043aafb69329d0f961b19faa30b1dab709dd34c9388143fc55680059e55a",
              "url": "https://files.pythonhosted.org/packages/69/c1/bf486a9d03e1658bbab5212315dd0df49ddaccaa69f81c0dc17820ede978/pandas-1.1.5-cp39-cp39-manylinux1_i686.whl"
            },
            {
              "algorithm": "sha256",
              "hash": "573fba5b05bf2c69271a32e52399c8de599e4a15ab7cec47d3b9c904125ab788",
              "url": "https://files.pythonhosted.org/packages/82/13/44c05005f9eafda56651b9f27c2b89c803d78ca2136e43b72c0e7a5033ee/pandas-1.1.5-cp37-cp37m-manylinux2014_aarch64.whl"
            },
            {
              "algorithm": "sha256",
              "hash": "0a643bae4283a37732ddfcecab3f62dd082996021b980f580903f4e8e01b3c5b",
              "url": "https://files.pythonhosted.org/packages/97/7f/865e78beaac43e57b7dd066cc28cd85a2b5687334188dbeca439bf13845b/pandas-1.1.5-cp38-cp38-manylinux2014_aarch64.whl"
            },
            {
              "algorithm": "sha256",
              "hash": "731568be71fba1e13cae212c362f3d2ca8932e83cb1b85e3f1b4dd77d019254a",
              "url": "https://files.pythonhosted.org/packages/b3/4f/6a2bdef087388a59245976008e0e0b4297659fd9796112d85cce766c3cd1/pandas-1.1.5-cp39-cp39-macosx_10_9_x86_64.whl"
            },
            {
              "algorithm": "sha256",
              "hash": "26fa92d3ac743a149a31b21d6f4337b0594b6302ea5575b37af9ca9611e8981a",
              "url": "https://files.pythonhosted.org/packages/b5/ac/5ec0601ce698235cad8559dfe0ae5ace903a359d617a8c4c033f9879faf8/pandas-1.1.5-cp37-cp37m-macosx_10_9_x86_64.whl"
            },
            {
              "algorithm": "sha256",
              "hash": "2860a97cbb25444ffc0088b457da0a79dc79f9c601238a3e0644312fcc14bf11",
              "url": "https://files.pythonhosted.org/packages/d7/ce/fd9ccaf9c328ead3024950f0799d24fb4ad328d3949e21d68e2e2338df07/pandas-1.1.5-cp38-cp38-macosx_10_9_x86_64.whl"
            },
            {
              "algorithm": "sha256",
              "hash": "5008374ebb990dad9ed48b0f5d0038124c73748f5384cc8c46904dace27082d9",
              "url": "https://files.pythonhosted.org/packages/ec/ae/416c4b26a1cbcc57640733b738189a66f1fc2be568bdc88a0356a5a7e33a/pandas-1.1.5-cp38-cp38-manylinux1_i686.whl"
            },
            {
              "algorithm": "sha256",
              "hash": "2c2f7c670ea4e60318e4b7e474d56447cf0c7d83b3c2a5405a0dbb2600b9c48e",
              "url": "https://files.pythonhosted.org/packages/f9/f4/ede7c643939c132b0692a737800747ce5ba0e8068af27730dfda936c9bf1/pandas-1.1.5-cp38-cp38-manylinux1_x86_64.whl"
            },
            {
              "algorithm": "sha256",
              "hash": "f10fc41ee3c75a474d3bdf68d396f10782d013d7f67db99c0efbfd0acb99701b",
              "url": "https://files.pythonhosted.org/packages/fb/e4/828bb9c2474ff6016e5ce96a78220d485436d5468c23068f4f6c2eb9cff8/pandas-1.1.5.tar.gz"
            },
            {
              "algorithm": "sha256",
              "hash": "3be7a7a0ca71a2640e81d9276f526bca63505850add10206d0da2e8a0a325dae",
              "url": "https://files.pythonhosted.org/packages/fd/70/e8eee0cbddf926bf51958c7d6a86bc69167c300fa2ba8e592330a2377d1b/pandas-1.1.5-cp37-cp37m-manylinux1_x86_64.whl"
            }
          ],
          "project_name": "pandas",
          "requires_dists": [
            "hypothesis>=3.58; extra == \"test\"",
            "numpy>=1.15.4",
            "pytest-xdist; extra == \"test\"",
            "pytest>=4.0.2; extra == \"test\"",
            "python-dateutil>=2.7.3",
            "pytz>=2017.2"
          ],
          "requires_python": ">=3.6.1",
          "version": "1.1.5"
        },
        {
          "artifacts": [
            {
              "algorithm": "sha256",
              "hash": "961d03dc3453ebbc59dbdea9e4e11c5651520a876d0f4db161e8674aae935da9",
              "url": "https://files.pythonhosted.org/packages/36/7a/87837f39d0296e723bb9b62bbb257d0355c7f6128853c78955f57342a56d/python_dateutil-2.8.2-py2.py3-none-any.whl"
            },
            {
              "algorithm": "sha256",
              "hash": "0123cacc1627ae19ddf3c27a5de5bd67ee4586fbdd6440d9748f8abb483d3e86",
              "url": "https://files.pythonhosted.org/packages/4c/c4/13b4776ea2d76c115c1d1b84579f3764ee6d57204f6be27119f13a61d0a9/python-dateutil-2.8.2.tar.gz"
            }
          ],
          "project_name": "python-dateutil",
          "requires_dists": [
            "six>=1.5"
          ],
          "requires_python": "!=3.0.*,!=3.1.*,!=3.2.*,>=2.7",
          "version": "2.8.2"
        },
        {
          "artifacts": [
            {
              "algorithm": "sha256",
              "hash": "a151b3abb88eda1d4e34a9814df37de2a80e301e68ba0fd856fb9b46bfbbbffb",
              "url": "https://files.pythonhosted.org/packages/7f/99/ad6bd37e748257dd70d6f85d916cafe79c0b0f5e2e95b11f7fbc82bf3110/pytz-2023.3-py2.py3-none-any.whl"
            },
            {
              "algorithm": "sha256",
              "hash": "1d8ce29db189191fb55338ee6d0387d82ab59f3d00eac103412d64e0ebd0c588",
              "url": "https://files.pythonhosted.org/packages/5e/32/12032aa8c673ee16707a9b6cdda2b09c0089131f35af55d443b6a9c69c1d/pytz-2023.3.tar.gz"
            }
          ],
          "project_name": "pytz",
          "requires_dists": [],
          "requires_python": null,
          "version": "2023.3"
        },
        {
          "artifacts": [
            {
              "algorithm": "sha256",
              "hash": "8abb2f1d86890a2dfb989f9a77cfcfd3e47c2a354b01111771326f8aa26e0254",
              "url": "https://files.pythonhosted.org/packages/d9/5a/e7c31adbe875f2abbb91bd84cf2dc52d792b5a01506781dbcf25c91daf11/six-1.16.0-py2.py3-none-any.whl"
            },
            {
              "algorithm": "sha256",
              "hash": "1e61c37477a1626458e36f7b1d82aa5c9b094fa4802892072e49de9c60c4c926",
              "url": "https://files.pythonhosted.org/packages/71/39/171f1c67cd00715f190ba0b100d606d440a28c93c7714febeca8b79af85e/six-1.16.0.tar.gz"
            }
          ],
          "project_name": "six",
          "requires_dists": [],
          "requires_python": "!=3.0.*,!=3.1.*,!=3.2.*,>=2.7",
          "version": "1.16"
        },
        {
          "artifacts": [
            {
              "algorithm": "sha256",
              "hash": "3afb05607b89aed0ffe25202399ee0867ad4d3cb4180d98aaf8eefa6a5f7d475",
              "url": "https://files.pythonhosted.org/packages/67/e1/434566ffce04448192369c1a282931cf4ae593e91907558eaecd2e9f2801/termcolor-2.3.0-py3-none-any.whl"
            },
            {
              "algorithm": "sha256",
              "hash": "b5b08f68937f138fe92f6c089b99f1e2da0ae56c52b78bf7075fd95420fd9a5a",
              "url": "https://files.pythonhosted.org/packages/b8/85/147a0529b4e80b6b9d021ca8db3a820fcac53ec7374b87073d004aaf444c/termcolor-2.3.0.tar.gz"
            }
          ],
          "project_name": "termcolor",
          "requires_dists": [
            "pytest-cov; extra == \"tests\"",
            "pytest; extra == \"tests\""
          ],
          "requires_python": ">=3.7",
          "version": "2.3"
        }
      ],
      "platform_tag": null
    }
  ],
  "path_mappings": {},
  "pex_version": "2.1.108",
  "pip_version": "20.3.4-patched",
  "prefer_older_binary": false,
  "requirements": [
    "fire",
    "pandas"
  ],
  "requires_python": [
    "<4,>=3.7"
  ],
  "resolver_version": "pip-2020-resolver",
  "style": "universal",
  "target_systems": [
    "linux",
    "mac"
  ],
  "transitive": true,
  "use_pep517": null
}
